{
  "name": "project4u_admin",
  "requires": true,
  "lockfileVersion": 1,
  "dependencies": {
    "bulma": {
      "version": "0.7.5",
      "resolved": "https://registry.npmjs.org/bulma/-/bulma-0.7.5.tgz",
      "integrity": "sha512-cX98TIn0I6sKba/DhW0FBjtaDpxTelU166pf7ICXpCCuplHWyu6C9LYZmL5PEsnePIeJaiorsTEzzNk3Tsm1hw=="
    },
    "bulma-fluent": {
      "version": "0.3.17",
      "resolved": "https://registry.npmjs.org/bulma-fluent/-/bulma-fluent-0.3.17.tgz",
      "integrity": "sha512-RvHh3MnkNaG39C4F2Qem3+aDgSFR5+VSQCEPn8ZERQFJair0fAhOtFsq1Di66onxXHmimyzQ92hJVVDV1EEVVA==",
      "requires": {
        "bulma": "^0.7.4"
      }
    }
  }
}
