# THIS IS AN AUTOGENERATED FILE. DO NOT EDIT THIS FILE DIRECTLY.
# yarn lockfile v1


bulma-dashboard@^0.1.40:
  version "0.1.40"
  resolved "https://registry.yarnpkg.com/bulma-dashboard/-/bulma-dashboard-0.1.40.tgz#57e393a308ebca5746b7576817a6a77cc7224667"
  integrity sha512-BkiGvhShPQx3ww3WnfH38OrTEr7s5qUmxfmiX5GZTee18gDXAU5imhBY9wJ6mzXq+tMBsa+PsLBheKggb9Llkw==

bulma-fluent@^0.3.17:
  version "0.3.17"
  resolved "https://registry.yarnpkg.com/bulma-fluent/-/bulma-fluent-0.3.17.tgz#e770bc78721cad4ec36fb040bb3269301e96c101"
  integrity sha512-RvHh3MnkNaG39C4F2Qem3+aDgSFR5+VSQCEPn8ZERQFJair0fAhOtFsq1Di66onxXHmimyzQ92hJVVDV1EEVVA==
  dependencies:
    bulma "^0.7.4"

bulma@^0.7.4:
  version "0.7.5"
  resolved "https://registry.yarnpkg.com/bulma/-/bulma-0.7.5.tgz#35066c37f82c088b68f94450be758fc00a967208"
  integrity sha512-cX98TIn0I6sKba/DhW0FBjtaDpxTelU166pf7ICXpCCuplHWyu6C9LYZmL5PEsnePIeJaiorsTEzzNk3Tsm1hw==
